
Microsoft Visual Studio Solution File, Format Version 12.00
# Visual Studio Version 16
VisualStudioVersion = 16.0.29326.143
MinimumVisualStudioVersion = 10.0.40219.1
Project("{9A19103F-16F7-4668-BE54-9A1E7A4F7556}") = "UniversalComparer", "TestTask\UniversalComparer.csproj", "{3DB0F406-3250-4636-A1B6-466E02141436}"
EndProject
Project("{FAE04EC0-301F-11D3-BF4B-00C04F79EFBC}") = "UniversalComparerTests", "UniversalComparerTests\UniversalComparerTests.csproj", "{C28B7E73-C7C1-4097-A8E7-F24D7ECA0051}"
EndProject
Global
	GlobalSection(SolutionConfigurationPlatforms) = preSolution
		Debug|Any CPU = Debug|Any CPU
		Release|Any CPU = Release|Any CPU
	EndGlobalSection
	GlobalSection(ProjectConfigurationPlatforms) = postSolution
		{3DB0F406-3250-4636-A1B6-466E02141436}.Debug|Any CPU.ActiveCfg = Debug|Any CPU
		{3DB0F406-3250-4636-A1B6-466E02141436}.Debug|Any CPU.Build.0 = Debug|Any CPU
		{3DB0F406-3250-4636-A1B6-466E02141436}.Release|Any CPU.ActiveCfg = Release|Any CPU
		{3DB0F406-3250-4636-A1B6-466E02141436}.Release|Any CPU.Build.0 = Release|Any CPU
		{C28B7E73-C7C1-4097-A8E7-F24D7ECA0051}.Debug|Any CPU.ActiveCfg = Debug|Any CPU
		{C28B7E73-C7C1-4097-A8E7-F24D7ECA0051}.Debug|Any CPU.Build.0 = Debug|Any CPU
		{C28B7E73-C7C1-4097-A8E7-F24D7ECA0051}.Release|Any CPU.ActiveCfg = Release|Any CPU
		{C28B7E73-C7C1-4097-A8E7-F24D7ECA0051}.Release|Any CPU.Build.0 = Release|Any CPU
	EndGlobalSection
	GlobalSection(SolutionProperties) = preSolution
		HideSolutionNode = FALSE
	EndGlobalSection
	GlobalSection(ExtensibilityGlobals) = postSolution
		SolutionGuid = {9BEAD684-6201-4CD3-887E-BF207AEE700F}
	EndGlobalSection
EndGlobal
